{
  "name": "jukebox-ios",
  "version": "0.0.0",
  "lockfileVersion": 3,
  "requires": true,
  "packages": {
    "": {
      "name": "jukebox-ios",
      "version": "0.0.0",
      "dependencies": {
        "juke-cards-native": "file:../juke-cards-native",
        "tish-ios": "file:../../../tish/tish-apple/crates/tish-ios",
        "tish-juke-scene": "file:../tish-juke-scene",
        "tish-spotify-ios": "file:../tish-spotify-ios"
      }
    },
    "../../../tish/tish-apple/crates/tish-ios": {
      "version": "0.1.0",
      "license": "MIT"
    },
    "../juke-cards-native": {
      "version": "0.1.0"
    },
    "../tish-juke-scene": {
      "version": "0.1.0"
    },
    "../tish-spotify-ios": {
      "version": "0.1.0"
    },
    "node_modules/juke-cards-native": {
      "resolved": "../juke-cards-native",
      "link": true
    },
    "node_modules/tish-ios": {
      "resolved": "../../../tish/tish-apple/crates/tish-ios",
      "link": true
    },
    "node_modules/tish-juke-scene": {
      "resolved": "../tish-juke-scene",
      "link": true
    },
    "node_modules/tish-spotify-ios": {
      "resolved": "../tish-spotify-ios",
      "link": true
    }
  }
}
