{
  "name": "jukebox-ios",
  "version": "0.0.0",
  "lockfileVersion": 3,
  "requires": true,
  "packages": {
    "": {
      "name": "jukebox-ios",
      "version": "0.0.0",
      "dependencies": {
        "@spacedevin/juke-cards": "file:../juke-cards",
        "tish-canvas": "file:../tish-canvas",
        "tish-ios": "file:../../../tish/tish-apple/crates/tish-ios",
        "tish-juke-scene": "file:../tish-juke-scene",
        "tish-spotify-ios": "file:../tish-spotify-ios"
      }
    },
    "../../../tish/tish-apple/crates/tish-ios": {
      "version": "0.1.0",
      "license": "MIT"
    },
    "../juke-cards": {
      "name": "@spacedevin/juke-cards",
      "version": "0.1.0",
      "license": "PIF",
      "devDependencies": {
        "@semantic-release/commit-analyzer": "^13.0.1",
        "@semantic-release/github": "^12.0.6",
        "@semantic-release/npm": "^13.1.5",
        "@semantic-release/release-notes-generator": "^14.1.0",
        "@tishlang/tish": "^1.10.0",
        "semantic-release": "^25.0.3"
      }
    },
    "../juke-cards-native": {
      "name": "tish-juke-cards-native",
      "version": "0.1.0",
      "extraneous": true
    },
    "../tish-canvas": {
      "version": "0.1.0"
    },
    "../tish-juke-scene": {
      "version": "0.1.0"
    },
    "../tish-spotify-ios": {
      "version": "0.1.0"
    },
    "node_modules/@spacedevin/juke-cards": {
      "resolved": "../juke-cards",
      "link": true
    },
    "node_modules/tish-canvas": {
      "resolved": "../tish-canvas",
      "link": true
    },
    "node_modules/tish-ios": {
      "resolved": "../../../tish/tish-apple/crates/tish-ios",
      "link": true
    },
    "node_modules/tish-juke-scene": {
      "resolved": "../tish-juke-scene",
      "link": true
    },
    "node_modules/tish-spotify-ios": {
      "resolved": "../tish-spotify-ios",
      "link": true
    }
  }
}
