{
  "name": "@spacedevin/jukebox",
  "version": "0.1.0",
  "lockfileVersion": 3,
  "requires": true,
  "packages": {
    "": {
      "name": "@spacedevin/jukebox",
      "version": "0.1.0",
      "dependencies": {
        "@tishlang/lattish": "^1.1.3",
        "lattish": "file:./deps/lattish"
      }
    },
    "deps/lattish": {
      "version": "0.0.0"
    },
    "node_modules/@tishlang/lattish": {
      "version": "1.1.3",
      "resolved": "https://registry.npmjs.org/@tishlang/lattish/-/lattish-1.1.3.tgz",
      "integrity": "sha512-G8Jw73IgMs+7dOSJRiT4Ljbu0ORG5YtFZ2Q8JNmNkDJhCwu/k8uD+lpqodTEApcVyDauhiVwnEd5L1ZJHLdFmA==",
      "license": "PIF"
    },
    "node_modules/lattish": {
      "resolved": "deps/lattish",
      "link": true
    }
  }
}
